
Microsoft Visual Studio Solution File, Format Version 12.00
# Visual Studio Version 16
VisualStudioVersion = 16.0.33328.57
MinimumVisualStudioVersion = 10.0.40219.1
Project("{FAE04EC0-301F-11D3-BF4B-00C04F79EFBC}") = "ADO.Net MVC", "ADO.Net MVC\ADO.Net MVC.csproj", "{AB273062-5DDE-4FDA-B841-FA82A0641FE7}"
EndProject
Global
	GlobalSection(SolutionConfigurationPlatforms) = preSolution
		Debug|Any CPU = Debug|Any CPU
		Release|Any CPU = Release|Any CPU
	EndGlobalSection
	GlobalSection(ProjectConfigurationPlatforms) = postSolution
		{AB273062-5DDE-4FDA-B841-FA82A0641FE7}.Debug|Any CPU.ActiveCfg = Debug|Any CPU
		{AB273062-5DDE-4FDA-B841-FA82A0641FE7}.Debug|Any CPU.Build.0 = Debug|Any CPU
		{AB273062-5DDE-4FDA-B841-FA82A0641FE7}.Release|Any CPU.ActiveCfg = Release|Any CPU
		{AB273062-5DDE-4FDA-B841-FA82A0641FE7}.Release|Any CPU.Build.0 = Release|Any CPU
	EndGlobalSection
	GlobalSection(SolutionProperties) = preSolution
		HideSolutionNode = FALSE
	EndGlobalSection
	GlobalSection(ExtensibilityGlobals) = postSolution
		SolutionGuid = {96A386DC-DCC4-4B0B-8ECE-0B01058E4409}
	EndGlobalSection
EndGlobal
